
Microsoft Visual Studio Solution File, Format Version 12.00
# Visual Studio Version 17
VisualStudioVersion = 17.3.32929.385
MinimumVisualStudioVersion = 10.0.40219.1
Project("{FAE04EC0-301F-11D3-BF4B-00C04F79EFBC}") = "feleveshazi", "feleveshazi\feleveshazi.csproj", "{F8B0B6D9-4AA3-49AB-B109-E55ACEE2120F}"
EndProject
Global
	GlobalSection(SolutionConfigurationPlatforms) = preSolution
		Debug|Any CPU = Debug|Any CPU
		Release|Any CPU = Release|Any CPU
	EndGlobalSection
	GlobalSection(ProjectConfigurationPlatforms) = postSolution
		{F8B0B6D9-4AA3-49AB-B109-E55ACEE2120F}.Debug|Any CPU.ActiveCfg = Debug|Any CPU
		{F8B0B6D9-4AA3-49AB-B109-E55ACEE2120F}.Debug|Any CPU.Build.0 = Debug|Any CPU
		{F8B0B6D9-4AA3-49AB-B109-E55ACEE2120F}.Release|Any CPU.ActiveCfg = Release|Any CPU
		{F8B0B6D9-4AA3-49AB-B109-E55ACEE2120F}.Release|Any CPU.Build.0 = Release|Any CPU
	EndGlobalSection
	GlobalSection(SolutionProperties) = preSolution
		HideSolutionNode = FALSE
	EndGlobalSection
	GlobalSection(ExtensibilityGlobals) = postSolution
		SolutionGuid = {5ADD6062-DEFA-45F6-90BF-087F3139844D}
	EndGlobalSection
EndGlobal
